{
	"name": "@studiohyperdrive/layout",
	"version": "17.0.0",
	"lockfileVersion": 3,
	"requires": true,
	"packages": {
		"": {
			"name": "@studiohyperdrive/layout",
			"version": "17.0.0",
			"dependencies": {
				"tslib": "^2.3.0"
			},
			"peerDependencies": {
				"@angular/common": "^17.0.0",
				"@angular/core": "^17.0.0",
				"@studiohyperdrive/ngx-forms": "^17.x.x"
			}
		},
		"node_modules/@angular/common": {
			"version": "17.2.4",
			"resolved": "https://registry.npmjs.org/@angular/common/-/common-17.2.4.tgz",
			"integrity": "sha512-ymzDHZPQWpBKVQ7lPZucU+vBSb70Re6y5TKzkOX7oYE8Z1+tiNGLvfmzGsO2/N0lvwyZWXjkdXYEDON2hIlZ1Q==",
			"peer": true,
			"dependencies": {
				"tslib": "^2.3.0"
			},
			"engines": {
				"node": "^18.13.0 || >=20.9.0"
			},
			"peerDependencies": {
				"@angular/core": "17.2.4",
				"rxjs": "^6.5.3 || ^7.4.0"
			}
		},
		"node_modules/@angular/core": {
			"version": "17.2.4",
			"resolved": "https://registry.npmjs.org/@angular/core/-/core-17.2.4.tgz",
			"integrity": "sha512-5Bko+vk7H1Ce57MHuRcpZtq2Srq5euufSvwg0piPozp0yYmCqNoYN7c128kgi6PbiPQeAnKRzRbEuYd1YCU4Tw==",
			"peer": true,
			"dependencies": {
				"tslib": "^2.3.0"
			},
			"engines": {
				"node": "^18.13.0 || >=20.9.0"
			},
			"peerDependencies": {
				"rxjs": "^6.5.3 || ^7.4.0",
				"zone.js": "~0.14.0"
			}
		},
		"node_modules/@angular/forms": {
			"version": "17.2.4",
			"resolved": "https://registry.npmjs.org/@angular/forms/-/forms-17.2.4.tgz",
			"integrity": "sha512-flubCxK6Rc1YmAu23+o+NwqaIWbJ4MIYij05b1GlpRKB5GRX6M0fOl7uRHZmA6dC4xZGt/MUklRqb71T7dJ5JQ==",
			"peer": true,
			"dependencies": {
				"tslib": "^2.3.0"
			},
			"engines": {
				"node": "^18.13.0 || >=20.9.0"
			},
			"peerDependencies": {
				"@angular/common": "17.2.4",
				"@angular/core": "17.2.4",
				"@angular/platform-browser": "17.2.4",
				"rxjs": "^6.5.3 || ^7.4.0"
			}
		},
		"node_modules/@angular/platform-browser": {
			"version": "17.2.4",
			"resolved": "https://registry.npmjs.org/@angular/platform-browser/-/platform-browser-17.2.4.tgz",
			"integrity": "sha512-A1jkx4ApIx76VDxm8UZLKEq+gwpKZb4qjzCTBDfjOpXB0MJQ5IaYdCrV0E/vPCKZhIfjbEHK+9H1vHRYDCcXtA==",
			"peer": true,
			"dependencies": {
				"tslib": "^2.3.0"
			},
			"engines": {
				"node": "^18.13.0 || >=20.9.0"
			},
			"peerDependencies": {
				"@angular/animations": "17.2.4",
				"@angular/common": "17.2.4",
				"@angular/core": "17.2.4"
			},
			"peerDependenciesMeta": {
				"@angular/animations": {
					"optional": true
				}
			}
		},
		"node_modules/@babel/runtime": {
			"version": "7.24.0",
			"resolved": "https://registry.npmjs.org/@babel/runtime/-/runtime-7.24.0.tgz",
			"integrity": "sha512-Chk32uHMg6TnQdvw2e9IlqPpFX/6NLuK0Ys2PqLb7/gL5uFn9mXvK715FGLlOLQrcO4qIkNHkvPGktzzXexsFw==",
			"peer": true,
			"dependencies": {
				"regenerator-runtime": "^0.14.0"
			},
			"engines": {
				"node": ">=6.9.0"
			}
		},
		"node_modules/@studiohyperdrive/ngx-forms": {
			"version": "17.2.1",
			"resolved": "https://registry.npmjs.org/@studiohyperdrive/ngx-forms/-/ngx-forms-17.2.1.tgz",
			"integrity": "sha512-dnsizneP907D0sJ4f8CMaE2hIFQyAKwEYMejWbnTjiGJ+fOgH4Vt0oipIBxtxpvC2a/JMSYSSsR5lgcA6NF3hw==",
			"peer": true,
			"dependencies": {
				"tslib": "^2.5.0"
			},
			"peerDependencies": {
				"@angular/common": "^17.0.4",
				"@angular/core": "^17.0.4",
				"@angular/forms": "^17.0.4",
				"date-fns": "2.30.0",
				"obj-clean": "^3.0.1"
			}
		},
		"node_modules/date-fns": {
			"version": "2.30.0",
			"resolved": "https://registry.npmjs.org/date-fns/-/date-fns-2.30.0.tgz",
			"integrity": "sha512-fnULvOpxnC5/Vg3NCiWelDsLiUc9bRwAPs/+LfTLNvetFCtCTN+yQz15C/fs4AwX1R9K5GLtLfn8QW+dWisaAw==",
			"peer": true,
			"dependencies": {
				"@babel/runtime": "^7.21.0"
			},
			"engines": {
				"node": ">=0.11"
			},
			"funding": {
				"type": "opencollective",
				"url": "https://opencollective.com/date-fns"
			}
		},
		"node_modules/is-plain-obj": {
			"version": "2.1.0",
			"resolved": "https://registry.npmjs.org/is-plain-obj/-/is-plain-obj-2.1.0.tgz",
			"integrity": "sha512-YWnfyRwxL/+SsrWYfOpUtz5b3YD+nyfkHvjbcanzk8zgyO4ASD67uVMRt8k5bM4lLMDnXfriRhOpemw+NfT1eA==",
			"peer": true,
			"engines": {
				"node": ">=8"
			}
		},
		"node_modules/obj-clean": {
			"version": "3.0.1",
			"resolved": "https://registry.npmjs.org/obj-clean/-/obj-clean-3.0.1.tgz",
			"integrity": "sha512-RoQq2vLognx9/lGZ4zqUbOAnSJNDTo1wUasaZ9cCvC5798CdA8caNpX2wd5LpxbuMmEX85V/eKaVo7IPeC34Qg==",
			"peer": true,
			"dependencies": {
				"is-plain-obj": "^2.0.0",
				"type-fest": "^0.5.1"
			},
			"engines": {
				"node": ">=8"
			}
		},
		"node_modules/regenerator-runtime": {
			"version": "0.14.1",
			"resolved": "https://registry.npmjs.org/regenerator-runtime/-/regenerator-runtime-0.14.1.tgz",
			"integrity": "sha512-dYnhHh0nJoMfnkZs6GmmhFknAGRrLznOu5nc9ML+EJxGvrx6H7teuevqVqCuPcPK//3eDrrjQhehXVx9cnkGdw==",
			"peer": true
		},
		"node_modules/rxjs": {
			"version": "7.8.1",
			"resolved": "https://registry.npmjs.org/rxjs/-/rxjs-7.8.1.tgz",
			"integrity": "sha512-AA3TVj+0A2iuIoQkWEK/tqFjBq2j+6PO6Y0zJcvzLAFhEFIO3HL0vls9hWLncZbAAbK0mar7oZ4V079I/qPMxg==",
			"peer": true,
			"dependencies": {
				"tslib": "^2.1.0"
			}
		},
		"node_modules/tslib": {
			"version": "2.6.2",
			"resolved": "https://registry.npmjs.org/tslib/-/tslib-2.6.2.tgz",
			"integrity": "sha512-AEYxH93jGFPn/a2iVAwW87VuUIkR1FVUKB77NwMF7nBTDkDrrT/Hpt/IrCJ0QXhW27jTBDcf5ZY7w6RiqTMw2Q=="
		},
		"node_modules/type-fest": {
			"version": "0.5.2",
			"resolved": "https://registry.npmjs.org/type-fest/-/type-fest-0.5.2.tgz",
			"integrity": "sha512-DWkS49EQKVX//Tbupb9TFa19c7+MK1XmzkrZUR8TAktmE/DizXoaoJV6TZ/tSIPXipqNiRI6CyAe7x69Jb6RSw==",
			"peer": true,
			"engines": {
				"node": ">=6"
			}
		},
		"node_modules/zone.js": {
			"version": "0.14.4",
			"resolved": "https://registry.npmjs.org/zone.js/-/zone.js-0.14.4.tgz",
			"integrity": "sha512-NtTUvIlNELez7Q1DzKVIFZBzNb646boQMgpATo9z3Ftuu/gWvzxCW7jdjcUDoRGxRikrhVHB/zLXh1hxeJawvw==",
			"peer": true,
			"dependencies": {
				"tslib": "^2.3.0"
			}
		}
	}
}
