{
	"name": "@studiohyperdrive/rxjs-utils",
	"version": "1.0.1",
	"lockfileVersion": 3,
	"requires": true,
	"packages": {
		"": {
			"name": "@studiohyperdrive/rxjs-utils",
			"version": "1.0.1",
			"license": "MIT",
			"peerDependencies": {
				"ramda": "^0.29.0",
				"rxjs": "^7.8.1"
			}
		},
		"node_modules/ramda": {
			"version": "0.29.0",
			"resolved": "https://registry.npmjs.org/ramda/-/ramda-0.29.0.tgz",
			"integrity": "sha512-BBea6L67bYLtdbOqfp8f58fPMqEwx0doL+pAi8TZyp2YWz8R9G8z9x75CZI8W+ftqhFHCpEX2cRnUUXK130iKA==",
			"peer": true,
			"funding": {
				"type": "opencollective",
				"url": "https://opencollective.com/ramda"
			}
		},
		"node_modules/rxjs": {
			"version": "7.8.1",
			"resolved": "https://registry.npmjs.org/rxjs/-/rxjs-7.8.1.tgz",
			"integrity": "sha512-AA3TVj+0A2iuIoQkWEK/tqFjBq2j+6PO6Y0zJcvzLAFhEFIO3HL0vls9hWLncZbAAbK0mar7oZ4V079I/qPMxg==",
			"peer": true,
			"dependencies": {
				"tslib": "^2.1.0"
			}
		},
		"node_modules/tslib": {
			"version": "2.6.1",
			"resolved": "https://registry.npmjs.org/tslib/-/tslib-2.6.1.tgz",
			"integrity": "sha512-t0hLfiEKfMUoqhG+U1oid7Pva4bbDPHYfJNiB7BiIjRkj1pyC++4N3huJfqY6aRH6VTB0rvtzQwjM4K6qpfOig==",
			"peer": true
		}
	}
}
